
Microsoft Visual Studio Solution File, Format Version 12.00
# Visual Studio Version 16
VisualStudioVersion = 16.0.29926.136
MinimumVisualStudioVersion = 10.0.40219.1
Project("{FAE04EC0-301F-11D3-BF4B-00C04F79EFBC}") = "ShopBridge.API", "ShopBridge.API.csproj", "{57E6E178-ABD1-4EB3-AC47-4C633FBC6353}"
EndProject
Global
	GlobalSection(SolutionConfigurationPlatforms) = preSolution
		Debug|Any CPU = Debug|Any CPU
		Release|Any CPU = Release|Any CPU
	EndGlobalSection
	GlobalSection(ProjectConfigurationPlatforms) = postSolution
		{57E6E178-ABD1-4EB3-AC47-4C633FBC6353}.Debug|Any CPU.ActiveCfg = Debug|Any CPU
		{57E6E178-ABD1-4EB3-AC47-4C633FBC6353}.Debug|Any CPU.Build.0 = Debug|Any CPU
		{57E6E178-ABD1-4EB3-AC47-4C633FBC6353}.Release|Any CPU.ActiveCfg = Release|Any CPU
		{57E6E178-ABD1-4EB3-AC47-4C633FBC6353}.Release|Any CPU.Build.0 = Release|Any CPU
	EndGlobalSection
	GlobalSection(SolutionProperties) = preSolution
		HideSolutionNode = FALSE
	EndGlobalSection
	GlobalSection(ExtensibilityGlobals) = postSolution
		SolutionGuid = {14DA6CF0-374A-4600-A313-1CDE11ECE290}
	EndGlobalSection
EndGlobal
